
Microsoft Visual Studio Solution File, Format Version 12.00
Project("{FAE04EC0-301F-11D3-BF4B-00C04F79EFBC}") = "apl-back-dotnet-mq-ref", "apl-back-dotnet-mq-ref\apl-back-dotnet-mq-ref.csproj", "{C57D697A-AC6B-40E2-BDFC-4835C69DFB34}"
EndProject
Global
	GlobalSection(SolutionConfigurationPlatforms) = preSolution
		Debug|Any CPU = Debug|Any CPU
		Release|Any CPU = Release|Any CPU
	EndGlobalSection
	GlobalSection(ProjectConfigurationPlatforms) = postSolution
		{C57D697A-AC6B-40E2-BDFC-4835C69DFB34}.Debug|Any CPU.ActiveCfg = Debug|Any CPU
		{C57D697A-AC6B-40E2-BDFC-4835C69DFB34}.Debug|Any CPU.Build.0 = Debug|Any CPU
		{C57D697A-AC6B-40E2-BDFC-4835C69DFB34}.Release|Any CPU.ActiveCfg = Release|Any CPU
		{C57D697A-AC6B-40E2-BDFC-4835C69DFB34}.Release|Any CPU.Build.0 = Release|Any CPU
	EndGlobalSection
EndGlobal
